
Microsoft Visual Studio Solution File, Format Version 12.00
# Visual Studio 14
VisualStudioVersion = 14.0.25420.1
MinimumVisualStudioVersion = 10.0.40219.1
Project("{FAE04EC0-301F-11D3-BF4B-00C04F79EFBC}") = "Weather", "FinalProject\Weather.csproj", "{181D18EF-1740-47B8-8999-5AACC6E56474}"
EndProject
Project("{FAE04EC0-301F-11D3-BF4B-00C04F79EFBC}") = "WeatherDataServiceTests", "FinalProjectTests\WeatherDataServiceTests.csproj", "{51FDEEDD-759F-4892-969A-D446C51934DA}"
EndProject
Global
	GlobalSection(SolutionConfigurationPlatforms) = preSolution
		Debug|Any CPU = Debug|Any CPU
		Release|Any CPU = Release|Any CPU
	EndGlobalSection
	GlobalSection(ProjectConfigurationPlatforms) = postSolution
		{181D18EF-1740-47B8-8999-5AACC6E56474}.Debug|Any CPU.ActiveCfg = Debug|Any CPU
		{181D18EF-1740-47B8-8999-5AACC6E56474}.Debug|Any CPU.Build.0 = Debug|Any CPU
		{181D18EF-1740-47B8-8999-5AACC6E56474}.Release|Any CPU.ActiveCfg = Release|Any CPU
		{181D18EF-1740-47B8-8999-5AACC6E56474}.Release|Any CPU.Build.0 = Release|Any CPU
		{51FDEEDD-759F-4892-969A-D446C51934DA}.Debug|Any CPU.ActiveCfg = Debug|Any CPU
		{51FDEEDD-759F-4892-969A-D446C51934DA}.Debug|Any CPU.Build.0 = Debug|Any CPU
		{51FDEEDD-759F-4892-969A-D446C51934DA}.Release|Any CPU.ActiveCfg = Release|Any CPU
		{51FDEEDD-759F-4892-969A-D446C51934DA}.Release|Any CPU.Build.0 = Release|Any CPU
	EndGlobalSection
	GlobalSection(SolutionProperties) = preSolution
		HideSolutionNode = FALSE
	EndGlobalSection
EndGlobal
